
Microsoft Visual Studio Solution File, Format Version 12.00
# Visual Studio Version 17
VisualStudioVersion = 17.8.34316.72
MinimumVisualStudioVersion = 10.0.40219.1
Project("{9A19103F-16F7-4668-BE54-9A1E7A4F7556}") = "AdaTech.AluguelCarros.GerenciadorAluguelCarros", "AdaTech.AluguelCarros.GerenciadorAluguelCarros\AdaTech.AluguelCarros.GerenciadorAluguelCarros.csproj", "{39EC590B-BBB2-476F-BDA1-37DE06421B9F}"
EndProject
Project("{FAE04EC0-301F-11D3-BF4B-00C04F79EFBC}") = "AdaTech.AluguelCarros.ConsoleMenuLibrary", "AdaTech.AluguelCarros.ConsoleMenuLibrary\AdaTech.AluguelCarros.ConsoleMenuLibrary.csproj", "{D5AAB888-0A80-426F-AA6C-60C6B85390BE}"
EndProject
Global
	GlobalSection(SolutionConfigurationPlatforms) = preSolution
		Debug|Any CPU = Debug|Any CPU
		Release|Any CPU = Release|Any CPU
	EndGlobalSection
	GlobalSection(ProjectConfigurationPlatforms) = postSolution
		{39EC590B-BBB2-476F-BDA1-37DE06421B9F}.Debug|Any CPU.ActiveCfg = Debug|Any CPU
		{39EC590B-BBB2-476F-BDA1-37DE06421B9F}.Debug|Any CPU.Build.0 = Debug|Any CPU
		{39EC590B-BBB2-476F-BDA1-37DE06421B9F}.Release|Any CPU.ActiveCfg = Release|Any CPU
		{39EC590B-BBB2-476F-BDA1-37DE06421B9F}.Release|Any CPU.Build.0 = Release|Any CPU
		{D5AAB888-0A80-426F-AA6C-60C6B85390BE}.Debug|Any CPU.ActiveCfg = Debug|Any CPU
		{D5AAB888-0A80-426F-AA6C-60C6B85390BE}.Debug|Any CPU.Build.0 = Debug|Any CPU
		{D5AAB888-0A80-426F-AA6C-60C6B85390BE}.Release|Any CPU.ActiveCfg = Release|Any CPU
		{D5AAB888-0A80-426F-AA6C-60C6B85390BE}.Release|Any CPU.Build.0 = Release|Any CPU
	EndGlobalSection
	GlobalSection(SolutionProperties) = preSolution
		HideSolutionNode = FALSE
	EndGlobalSection
	GlobalSection(ExtensibilityGlobals) = postSolution
		SolutionGuid = {D3A883AD-4454-41ED-B003-DA67D561D9F7}
	EndGlobalSection
EndGlobal
